// !$*UTF8*$!
{
	archiveVersion = 1;
	classes = {
	};
	objectVersion = 56;
	objects = {

/* Begin PBXBuildFile section */
		35F0E3E92A98EFE7004DABFA /* AppDelegate.swift in Sources */ = {isa = PBXBuildFile; fileRef = 35F0E3E82A98EFE7004DABFA /* AppDelegate.swift */; };
		35F0E3EB2A98EFE7004DABFA /* SceneDelegate.swift in Sources */ = {isa = PBXBuildFile; fileRef = 35F0E3EA2A98EFE7004DABFA /* SceneDelegate.swift */; };
		35F0E3ED2A98EFE7004DABFA /* ViewController.swift in Sources */ = {isa = PBXBuildFile; fileRef = 35F0E3EC2A98EFE7004DABFA /* ViewController.swift */; };
		35F0E3F02A98EFE7004DABFA /* Main.storyboard in Resources */ = {isa = PBXBuildFile; fileRef = 35F0E3EE2A98EFE7004DABFA /* Main.storyboard */; };
		35F0E3F32A98EFE7004DABFA /* Character_selection.xcdatamodeld in Sources */ = {isa = PBXBuildFile; fileRef = 35F0E3F12A98EFE7004DABFA /* Character_selection.xcdatamodeld */; };
		35F0E3F52A98EFE9004DABFA /* Assets.xcassets in Resources */ = {isa = PBXBuildFile; fileRef = 35F0E3F42A98EFE9004DABFA /* Assets.xcassets */; };
		35F0E3F82A98EFE9004DABFA /* LaunchScreen.storyboard in Resources */ = {isa = PBXBuildFile; fileRef = 35F0E3F62A98EFE9004DABFA /* LaunchScreen.storyboard */; };
		35F0E4032A98EFE9004DABFA /* Character_selectionTests.swift in Sources */ = {isa = PBXBuildFile; fileRef = 35F0E4022A98EFE9004DABFA /* Character_selectionTests.swift */; };
		35F0E40D2A98EFE9004DABFA /* Character_selectionUITests.swift in Sources */ = {isa = PBXBuildFile; fileRef = 35F0E40C2A98EFE9004DABFA /* Character_selectionUITests.swift */; };
		35F0E40F2A98EFE9004DABFA /* Character_selectionUITestsLaunchTests.swift in Sources */ = {isa = PBXBuildFile; fileRef = 35F0E40E2A98EFE9004DABFA /* Character_selectionUITestsLaunchTests.swift */; };
/* End PBXBuildFile section */

/* Begin PBXContainerItemProxy section */
		35F0E3FF2A98EFE9004DABFA /* PBXContainerItemProxy */ = {
			isa = PBXContainerItemProxy;
			containerPortal = 35F0E3DD2A98EFE7004DABFA /* Project object */;
			proxyType = 1;
			remoteGlobalIDString = 35F0E3E42A98EFE7004DABFA;
			remoteInfo = "Character selection";
		};
		35F0E4092A98EFE9004DABFA /* PBXContainerItemProxy */ = {
			isa = PBXContainerItemProxy;
			containerPortal = 35F0E3DD2A98EFE7004DABFA /* Project object */;
			proxyType = 1;
			remoteGlobalIDString = 35F0E3E42A98EFE7004DABFA;
			remoteInfo = "Character selection";
		};
/* End PBXContainerItemProxy section */

/* Begin PBXFileReference section */
		35F0E3E52A98EFE7004DABFA /* Character selection.app */ = {isa = PBXFileReference; explicitFileType = wrapper.application; includeInIndex = 0; path = "Character selection.app"; sourceTree = BUILT_PRODUCTS_DIR; };
		35F0E3E82A98EFE7004DABFA /* AppDelegate.swift */ = {isa = PBXFileReference; lastKnownFileType = sourcecode.swift; path = AppDelegate.swift; sourceTree = "<group>"; };
		35F0E3EA2A98EFE7004DABFA /* SceneDelegate.swift */ = {isa = PBXFileReference; lastKnownFileType = sourcecode.swift; path = SceneDelegate.swift; sourceTree = "<group>"; };
		35F0E3EC2A98EFE7004DABFA /* ViewController.swift */ = {isa = PBXFileReference; lastKnownFileType = sourcecode.swift; path = ViewController.swift; sourceTree = "<group>"; };
		35F0E3EF2A98EFE7004DABFA /* Base */ = {isa = PBXFileReference; lastKnownFileType = file.storyboard; name = Base; path = Base.lproj/Main.storyboard; sourceTree = "<group>"; };
		35F0E3F22A98EFE7004DABFA /* Character_selection.xcdatamodel */ = {isa = PBXFileReference; lastKnownFileType = wrapper.xcdatamodel; path = Character_selection.xcdatamodel; sourceTree = "<group>"; };
		35F0E3F42A98EFE9004DABFA /* Assets.xcassets */ = {isa = PBXFileReference; lastKnownFileType = folder.assetcatalog; path = Assets.xcassets; sourceTree = "<group>"; };
		35F0E3F72A98EFE9004DABFA /* Base */ = {isa = PBXFileReference; lastKnownFileType = file.storyboard; name = Base; path = Base.lproj/LaunchScreen.storyboard; sourceTree = "<group>"; };
		35F0E3F92A98EFE9004DABFA /* Info.plist */ = {isa = PBXFileReference; lastKnownFileType = text.plist.xml; path = Info.plist; sourceTree = "<group>"; };
		35F0E3FE2A98EFE9004DABFA /* Character selectionTests.xctest */ = {isa = PBXFileReference; explicitFileType = wrapper.cfbundle; includeInIndex = 0; path = "Character selectionTests.xctest"; sourceTree = BUILT_PRODUCTS_DIR; };
		35F0E4022A98EFE9004DABFA /* Character_selectionTests.swift */ = {isa = PBXFileReference; lastKnownFileType = sourcecode.swift; path = Character_selectionTests.swift; sourceTree = "<group>"; };
		35F0E4082A98EFE9004DABFA /* Character selectionUITests.xctest */ = {isa = PBXFileReference; explicitFileType = wrapper.cfbundle; includeInIndex = 0; path = "Character selectionUITests.xctest"; sourceTree = BUILT_PRODUCTS_DIR; };
		35F0E40C2A98EFE9004DABFA /* Character_selectionUITests.swift */ = {isa = PBXFileReference; lastKnownFileType = sourcecode.swift; path = Character_selectionUITests.swift; sourceTree = "<group>"; };
		35F0E40E2A98EFE9004DABFA /* Character_selectionUITestsLaunchTests.swift */ = {isa = PBXFileReference; lastKnownFileType = sourcecode.swift; path = Character_selectionUITestsLaunchTests.swift; sourceTree = "<group>"; };
/* End PBXFileReference section */

/* Begin PBXFrameworksBuildPhase section */
		35F0E3E22A98EFE7004DABFA /* Frameworks */ = {
			isa = PBXFrameworksBuildPhase;
			buildActionMask = 2147483647;
			files = (
			);
			runOnlyForDeploymentPostprocessing = 0;
		};
		35F0E3FB2A98EFE9004DABFA /* Frameworks */ = {
			isa = PBXFrameworksBuildPhase;
			buildActionMask = 2147483647;
			files = (
			);
			runOnlyForDeploymentPostprocessing = 0;
		};
		35F0E4052A98EFE9004DABFA /* Frameworks */ = {
			isa = PBXFrameworksBuildPhase;
			buildActionMask = 2147483647;
			files = (
			);
			runOnlyForDeploymentPostprocessing = 0;
		};
/* End PBXFrameworksBuildPhase section */

/* Begin PBXGroup section */
		35F0E3DC2A98EFE7004DABFA = {
			isa = PBXGroup;
			children = (
				35F0E3E72A98EFE7004DABFA /* Character selection */,
				35F0E4012A98EFE9004DABFA /* Character selectionTests */,
				35F0E40B2A98EFE9004DABFA /* Character selectionUITests */,
				35F0E3E62A98EFE7004DABFA /* Products */,
			);
			sourceTree = "<group>";
		};
		35F0E3E62A98EFE7004DABFA /* Products */ = {
			isa = PBXGroup;
			children = (
				35F0E3E52A98EFE7004DABFA /* Character selection.app */,
				35F0E3FE2A98EFE9004DABFA /* Character selectionTests.xctest */,
				35F0E4082A98EFE9004DABFA /* Character selectionUITests.xctest */,
			);
			name = Products;
			sourceTree = "<group>";
		};
		35F0E3E72A98EFE7004DABFA /* Character selection */ = {
			isa = PBXGroup;
			children = (
				35F0E3E82A98EFE7004DABFA /* AppDelegate.swift */,
				35F0E3EA2A98EFE7004DABFA /* SceneDelegate.swift */,
				35F0E3EC2A98EFE7004DABFA /* ViewController.swift */,
				35F0E3EE2A98EFE7004DABFA /* Main.storyboard */,
				35F0E3F42A98EFE9004DABFA /* Assets.xcassets */,
				35F0E3F62A98EFE9004DABFA /* LaunchScreen.storyboard */,
				35F0E3F92A98EFE9004DABFA /* Info.plist */,
				35F0E3F12A98EFE7004DABFA /* Character_selection.xcdatamodeld */,
			);
			path = "Character selection";
			sourceTree = "<group>";
		};
		35F0E4012A98EFE9004DABFA /* Character selectionTests */ = {
			isa = PBXGroup;
			children = (
				35F0E4022A98EFE9004DABFA /* Character_selectionTests.swift */,
			);
			path = "Character selectionTests";
			sourceTree = "<group>";
		};
		35F0E40B2A98EFE9004DABFA /* Character selectionUITests */ = {
			isa = PBXGroup;
			children = (
				35F0E40C2A98EFE9004DABFA /* Character_selectionUITests.swift */,
				35F0E40E2A98EFE9004DABFA /* Character_selectionUITestsLaunchTests.swift */,
			);
			path = "Character selectionUITests";
			sourceTree = "<group>";
		};
/* End PBXGroup section */

/* Begin PBXNativeTarget section */
		35F0E3E42A98EFE7004DABFA /* Character selection */ = {
			isa = PBXNativeTarget;
			buildConfigurationList = 35F0E4122A98EFE9004DABFA /* Build configuration list for PBXNativeTarget "Character selection" */;
			buildPhases = (
				35F0E3E12A98EFE7004DABFA /* Sources */,
				35F0E3E22A98EFE7004DABFA /* Frameworks */,
				35F0E3E32A98EFE7004DABFA /* Resources */,
			);
			buildRules = (
			);
			dependencies = (
			);
			name = "Character selection";
			productName = "Character selection";
			productReference = 35F0E3E52A98EFE7004DABFA /* Character selection.app */;
			productType = "com.apple.product-type.application";
		};
		35F0E3FD2A98EFE9004DABFA /* Character selectionTests */ = {
			isa = PBXNativeTarget;
			buildConfigurationList = 35F0E4152A98EFE9004DABFA /* Build configuration list for PBXNativeTarget "Character selectionTests" */;
			buildPhases = (
				35F0E3FA2A98EFE9004DABFA /* Sources */,
				35F0E3FB2A98EFE9004DABFA /* Frameworks */,
				35F0E3FC2A98EFE9004DABFA /* Resources */,
			);
			buildRules = (
			);
			dependencies = (
				35F0E4002A98EFE9004DABFA /* PBXTargetDependency */,
			);
			name = "Character selectionTests";
			productName = "Character selectionTests";
			productReference = 35F0E3FE2A98EFE9004DABFA /* Character selectionTests.xctest */;
			productType = "com.apple.product-type.bundle.unit-test";
		};
		35F0E4072A98EFE9004DABFA /* Character selectionUITests */ = {
			isa = PBXNativeTarget;
			buildConfigurationList = 35F0E4182A98EFE9004DABFA /* Build configuration list for PBXNativeTarget "Character selectionUITests" */;
			buildPhases = (
				35F0E4042A98EFE9004DABFA /* Sources */,
				35F0E4052A98EFE9004DABFA /* Frameworks */,
				35F0E4062A98EFE9004DABFA /* Resources */,
			);
			buildRules = (
			);
			dependencies = (
				35F0E40A2A98EFE9004DABFA /* PBXTargetDependency */,
			);
			name = "Character selectionUITests";
			productName = "Character selectionUITests";
			productReference = 35F0E4082A98EFE9004DABFA /* Character selectionUITests.xctest */;
			productType = "com.apple.product-type.bundle.ui-testing";
		};
/* End PBXNativeTarget section */

/* Begin PBXProject section */
		35F0E3DD2A98EFE7004DABFA /* Project object */ = {
			isa = PBXProject;
			attributes = {
				BuildIndependentTargetsInParallel = 1;
				LastSwiftUpdateCheck = 1430;
				LastUpgradeCheck = 1430;
				TargetAttributes = {
					35F0E3E42A98EFE7004DABFA = {
						CreatedOnToolsVersion = 14.3.1;
					};
					35F0E3FD2A98EFE9004DABFA = {
						CreatedOnToolsVersion = 14.3.1;
						TestTargetID = 35F0E3E42A98EFE7004DABFA;
					};
					35F0E4072A98EFE9004DABFA = {
						CreatedOnToolsVersion = 14.3.1;
						TestTargetID = 35F0E3E42A98EFE7004DABFA;
					};
				};
			};
			buildConfigurationList = 35F0E3E02A98EFE7004DABFA /* Build configuration list for PBXProject "Character selection" */;
			compatibilityVersion = "Xcode 14.0";
			developmentRegion = en;
			hasScannedForEncodings = 0;
			knownRegions = (
				en,
				Base,
			);
			mainGroup = 35F0E3DC2A98EFE7004DABFA;
			productRefGroup = 35F0E3E62A98EFE7004DABFA /* Products */;
			projectDirPath = "";
			projectRoot = "";
			targets = (
				35F0E3E42A98EFE7004DABFA /* Character selection */,
				35F0E3FD2A98EFE9004DABFA /* Character selectionTests */,
				35F0E4072A98EFE9004DABFA /* Character selectionUITests */,
			);
		};
/* End PBXProject section */

/* Begin PBXResourcesBuildPhase section */
		35F0E3E32A98EFE7004DABFA /* Resources */ = {
			isa = PBXResourcesBuildPhase;
			buildActionMask = 2147483647;
			files = (
				35F0E3F82A98EFE9004DABFA /* LaunchScreen.storyboard in Resources */,
				35F0E3F52A98EFE9004DABFA /* Assets.xcassets in Resources */,
				35F0E3F02A98EFE7004DABFA /* Main.storyboard in Resources */,
			);
			runOnlyForDeploymentPostprocessing = 0;
		};
		35F0E3FC2A98EFE9004DABFA /* Resources */ = {
			isa = PBXResourcesBuildPhase;
			buildActionMask = 2147483647;
			files = (
			);
			runOnlyForDeploymentPostprocessing = 0;
		};
		35F0E4062A98EFE9004DABFA /* Resources */ = {
			isa = PBXResourcesBuildPhase;
			buildActionMask = 2147483647;
			files = (
			);
			runOnlyForDeploymentPostprocessing = 0;
		};
/* End PBXResourcesBuildPhase section */

/* Begin PBXSourcesBuildPhase section */
		35F0E3E12A98EFE7004DABFA /* Sources */ = {
			isa = PBXSourcesBuildPhase;
			buildActionMask = 2147483647;
			files = (
				35F0E3F32A98EFE7004DABFA /* Character_selection.xcdatamodeld in Sources */,
				35F0E3ED2A98EFE7004DABFA /* ViewController.swift in Sources */,
				35F0E3E92A98EFE7004DABFA /* AppDelegate.swift in Sources */,
				35F0E3EB2A98EFE7004DABFA /* SceneDelegate.swift in Sources */,
			);
			runOnlyForDeploymentPostprocessing = 0;
		};
		35F0E3FA2A98EFE9004DABFA /* Sources */ = {
			isa = PBXSourcesBuildPhase;
			buildActionMask = 2147483647;
			files = (
				35F0E4032A98EFE9004DABFA /* Character_selectionTests.swift in Sources */,
			);
			runOnlyForDeploymentPostprocessing = 0;
		};
		35F0E4042A98EFE9004DABFA /* Sources */ = {
			isa = PBXSourcesBuildPhase;
			buildActionMask = 2147483647;
			files = (
				35F0E40D2A98EFE9004DABFA /* Character_selectionUITests.swift in Sources */,
				35F0E40F2A98EFE9004DABFA /* Character_selectionUITestsLaunchTests.swift in Sources */,
			);
			runOnlyForDeploymentPostprocessing = 0;
		};
/* End PBXSourcesBuildPhase section */

/* Begin PBXTargetDependency section */
		35F0E4002A98EFE9004DABFA /* PBXTargetDependency */ = {
			isa = PBXTargetDependency;
			target = 35F0E3E42A98EFE7004DABFA /* Character selection */;
			targetProxy = 35F0E3FF2A98EFE9004DABFA /* PBXContainerItemProxy */;
		};
		35F0E40A2A98EFE9004DABFA /* PBXTargetDependency */ = {
			isa = PBXTargetDependency;
			target = 35F0E3E42A98EFE7004DABFA /* Character selection */;
			targetProxy = 35F0E4092A98EFE9004DABFA /* PBXContainerItemProxy */;
		};
/* End PBXTargetDependency section */

/* Begin PBXVariantGroup section */
		35F0E3EE2A98EFE7004DABFA /* Main.storyboard */ = {
			isa = PBXVariantGroup;
			children = (
				35F0E3EF2A98EFE7004DABFA /* Base */,
			);
			name = Main.storyboard;
			sourceTree = "<group>";
		};
		35F0E3F62A98EFE9004DABFA /* LaunchScreen.storyboard */ = {
			isa = PBXVariantGroup;
			children = (
				35F0E3F72A98EFE9004DABFA /* Base */,
			);
			name = LaunchScreen.storyboard;
			sourceTree = "<group>";
		};
/* End PBXVariantGroup section */

/* Begin XCBuildConfiguration section */
		35F0E4102A98EFE9004DABFA /* Debug */ = {
			isa = XCBuildConfiguration;
			buildSettings = {
				ALWAYS_SEARCH_USER_PATHS = NO;
				CLANG_ANALYZER_NONNULL = YES;
				CLANG_ANALYZER_NUMBER_OBJECT_CONVERSION = YES_AGGRESSIVE;
				CLANG_CXX_LANGUAGE_STANDARD = "gnu++20";
				CLANG_ENABLE_MODULES = YES;
				CLANG_ENABLE_OBJC_ARC = YES;
				CLANG_ENABLE_OBJC_WEAK = YES;
				CLANG_WARN_BLOCK_CAPTURE_AUTORELEASING = YES;
				CLANG_WARN_BOOL_CONVERSION = YES;
				CLANG_WARN_COMMA = YES;
				CLANG_WARN_CONSTANT_CONVERSION = YES;
				CLANG_WARN_DEPRECATED_OBJC_IMPLEMENTATIONS = YES;
				CLANG_WARN_DIRECT_OBJC_ISA_USAGE = YES_ERROR;
				CLANG_WARN_DOCUMENTATION_COMMENTS = YES;
				CLANG_WARN_EMPTY_BODY = YES;
				CLANG_WARN_ENUM_CONVERSION = YES;
				CLANG_WARN_INFINITE_RECURSION = YES;
				CLANG_WARN_INT_CONVERSION = YES;
				CLANG_WARN_NON_LITERAL_NULL_CONVERSION = YES;
				CLANG_WARN_OBJC_IMPLICIT_RETAIN_SELF = YES;
				CLANG_WARN_OBJC_LITERAL_CONVERSION = YES;
				CLANG_WARN_OBJC_ROOT_CLASS = YES_ERROR;
				CLANG_WARN_QUOTED_INCLUDE_IN_FRAMEWORK_HEADER = YES;
				CLANG_WARN_RANGE_LOOP_ANALYSIS = YES;
				CLANG_WARN_STRICT_PROTOTYPES = YES;
				CLANG_WARN_SUSPICIOUS_MOVE = YES;
				CLANG_WARN_UNGUARDED_AVAILABILITY = YES_AGGRESSIVE;
				CLANG_WARN_UNREACHABLE_CODE = YES;
				CLANG_WARN__DUPLICATE_METHOD_MATCH = YES;
				COPY_PHASE_STRIP = NO;
				DEBUG_INFORMATION_FORMAT = dwarf;
				ENABLE_STRICT_OBJC_MSGSEND = YES;
				ENABLE_TESTABILITY = YES;
				GCC_C_LANGUAGE_STANDARD = gnu11;
				GCC_DYNAMIC_NO_PIC = NO;
				GCC_NO_COMMON_BLOCKS = YES;
				GCC_OPTIMIZATION_LEVEL = 0;
				GCC_PREPROCESSOR_DEFINITIONS = (
					"DEBUG=1",
					"$(inherited)",
				);
				GCC_WARN_64_TO_32_BIT_CONVERSION = YES;
				GCC_WARN_ABOUT_RETURN_TYPE = YES_ERROR;
				GCC_WARN_UNDECLARED_SELECTOR = YES;
				GCC_WARN_UNINITIALIZED_AUTOS = YES_AGGRESSIVE;
				GCC_WARN_UNUSED_FUNCTION = YES;
				GCC_WARN_UNUSED_VARIABLE = YES;
				IPHONEOS_DEPLOYMENT_TARGET = 16.4;
				MTL_ENABLE_DEBUG_INFO = INCLUDE_SOURCE;
				MTL_FAST_MATH = YES;
				ONLY_ACTIVE_ARCH = YES;
				SDKROOT = iphoneos;
				SWIFT_ACTIVE_COMPILATION_CONDITIONS = DEBUG;
				SWIFT_OPTIMIZATION_LEVEL = "-Onone";
			};
			name = Debug;
		};
		35F0E4112A98EFE9004DABFA /* Release */ = {
			isa = XCBuildConfiguration;
			buildSettings = {
				ALWAYS_SEARCH_USER_PATHS = NO;
				CLANG_ANALYZER_NONNULL = YES;
				CLANG_ANALYZER_NUMBER_OBJECT_CONVERSION = YES_AGGRESSIVE;
				CLANG_CXX_LANGUAGE_STANDARD = "gnu++20";
				CLANG_ENABLE_MODULES = YES;
				CLANG_ENABLE_OBJC_ARC = YES;
				CLANG_ENABLE_OBJC_WEAK = YES;
				CLANG_WARN_BLOCK_CAPTURE_AUTORELEASING = YES;
				CLANG_WARN_BOOL_CONVERSION = YES;
				CLANG_WARN_COMMA = YES;
				CLANG_WARN_CONSTANT_CONVERSION = YES;
				CLANG_WARN_DEPRECATED_OBJC_IMPLEMENTATIONS = YES;
				CLANG_WARN_DIRECT_OBJC_ISA_USAGE = YES_ERROR;
				CLANG_WARN_DOCUMENTATION_COMMENTS = YES;
				CLANG_WARN_EMPTY_BODY = YES;
				CLANG_WARN_ENUM_CONVERSION = YES;
				CLANG_WARN_INFINITE_RECURSION = YES;
				CLANG_WARN_INT_CONVERSION = YES;
				CLANG_WARN_NON_LITERAL_NULL_CONVERSION = YES;
				CLANG_WARN_OBJC_IMPLICIT_RETAIN_SELF = YES;
				CLANG_WARN_OBJC_LITERAL_CONVERSION = YES;
				CLANG_WARN_OBJC_ROOT_CLASS = YES_ERROR;
				CLANG_WARN_QUOTED_INCLUDE_IN_FRAMEWORK_HEADER = YES;
				CLANG_WARN_RANGE_LOOP_ANALYSIS = YES;
				CLANG_WARN_STRICT_PROTOTYPES = YES;
				CLANG_WARN_SUSPICIOUS_MOVE = YES;
				CLANG_WARN_UNGUARDED_AVAILABILITY = YES_AGGRESSIVE;
				CLANG_WARN_UNREACHABLE_CODE = YES;
				CLANG_WARN__DUPLICATE_METHOD_MATCH = YES;
				COPY_PHASE_STRIP = NO;
				DEBUG_INFORMATION_FORMAT = "dwarf-with-dsym";
				ENABLE_NS_ASSERTIONS = NO;
				ENABLE_STRICT_OBJC_MSGSEND = YES;
				GCC_C_LANGUAGE_STANDARD = gnu11;
				GCC_NO_COMMON_BLOCKS = YES;
				GCC_WARN_64_TO_32_BIT_CONVERSION = YES;
				GCC_WARN_ABOUT_RETURN_TYPE = YES_ERROR;
				GCC_WARN_UNDECLARED_SELECTOR = YES;
				GCC_WARN_UNINITIALIZED_AUTOS = YES_AGGRESSIVE;
				GCC_WARN_UNUSED_FUNCTION = YES;
				GCC_WARN_UNUSED_VARIABLE = YES;
				IPHONEOS_DEPLOYMENT_TARGET = 16.4;
				MTL_ENABLE_DEBUG_INFO = NO;
				MTL_FAST_MATH = YES;
				SDKROOT = iphoneos;
				SWIFT_COMPILATION_MODE = wholemodule;
				SWIFT_OPTIMIZATION_LEVEL = "-O";
				VALIDATE_PRODUCT = YES;
			};
			name = Release;
		};
		35F0E4132A98EFE9004DABFA /* Debug */ = {
			isa = XCBuildConfiguration;
			buildSettings = {
				ASSETCATALOG_COMPILER_APPICON_NAME = AppIcon;
				ASSETCATALOG_COMPILER_GLOBAL_ACCENT_COLOR_NAME = AccentColor;
				CODE_SIGN_STYLE = Automatic;
				CURRENT_PROJECT_VERSION = 1;
				GENERATE_INFOPLIST_FILE = YES;
				INFOPLIST_FILE = "Character selection/Info.plist";
				INFOPLIST_KEY_UIApplicationSupportsIndirectInputEvents = YES;
				INFOPLIST_KEY_UILaunchStoryboardName = LaunchScreen;
				INFOPLIST_KEY_UIMainStoryboardFile = Main;
				INFOPLIST_KEY_UISupportedInterfaceOrientations_iPad = "UIInterfaceOrientationPortrait UIInterfaceOrientationPortraitUpsideDown UIInterfaceOrientationLandscapeLeft UIInterfaceOrientationLandscapeRight";
				INFOPLIST_KEY_UISupportedInterfaceOrientations_iPhone = "UIInterfaceOrientationPortrait UIInterfaceOrientationLandscapeLeft UIInterfaceOrientationLandscapeRight";
				LD_RUNPATH_SEARCH_PATHS = (
					"$(inherited)",
					"@executable_path/Frameworks",
				);
				MARKETING_VERSION = 1.0;
				PRODUCT_BUNDLE_IDENTIFIER = "clc.Character-selection";
				PRODUCT_NAME = "$(TARGET_NAME)";
				SWIFT_EMIT_LOC_STRINGS = YES;
				SWIFT_VERSION = 5.0;
				TARGETED_DEVICE_FAMILY = "1,2";
			};
			name = Debug;
		};
		35F0E4142A98EFE9004DABFA /* Release */ = {
			isa = XCBuildConfiguration;
			buildSettings = {
				ASSETCATALOG_COMPILER_APPICON_NAME = AppIcon;
				ASSETCATALOG_COMPILER_GLOBAL_ACCENT_COLOR_NAME = AccentColor;
				CODE_SIGN_STYLE = Automatic;
				CURRENT_PROJECT_VERSION = 1;
				GENERATE_INFOPLIST_FILE = YES;
				INFOPLIST_FILE = "Character selection/Info.plist";
				INFOPLIST_KEY_UIApplicationSupportsIndirectInputEvents = YES;
				INFOPLIST_KEY_UILaunchStoryboardName = LaunchScreen;
				INFOPLIST_KEY_UIMainStoryboardFile = Main;
				INFOPLIST_KEY_UISupportedInterfaceOrientations_iPad = "UIInterfaceOrientationPortrait UIInterfaceOrientationPortraitUpsideDown UIInterfaceOrientationLandscapeLeft UIInterfaceOrientationLandscapeRight";
				INFOPLIST_KEY_UISupportedInterfaceOrientations_iPhone = "UIInterfaceOrientationPortrait UIInterfaceOrientationLandscapeLeft UIInterfaceOrientationLandscapeRight";
				LD_RUNPATH_SEARCH_PATHS = (
					"$(inherited)",
					"@executable_path/Frameworks",
				);
				MARKETING_VERSION = 1.0;
				PRODUCT_BUNDLE_IDENTIFIER = "clc.Character-selection";
				PRODUCT_NAME = "$(TARGET_NAME)";
				SWIFT_EMIT_LOC_STRINGS = YES;
				SWIFT_VERSION = 5.0;
				TARGETED_DEVICE_FAMILY = "1,2";
			};
			name = Release;
		};
		35F0E4162A98EFE9004DABFA /* Debug */ = {
			isa = XCBuildConfiguration;
			buildSettings = {
				ALWAYS_EMBED_SWIFT_STANDARD_LIBRARIES = YES;
				BUNDLE_LOADER = "$(TEST_HOST)";
				CODE_SIGN_STYLE = Automatic;
				CURRENT_PROJECT_VERSION = 1;
				GENERATE_INFOPLIST_FILE = YES;
				IPHONEOS_DEPLOYMENT_TARGET = 16.4;
				MARKETING_VERSION = 1.0;
				PRODUCT_BUNDLE_IDENTIFIER = "clc.Character-selectionTests";
				PRODUCT_NAME = "$(TARGET_NAME)";
				SWIFT_EMIT_LOC_STRINGS = NO;
				SWIFT_VERSION = 5.0;
				TARGETED_DEVICE_FAMILY = "1,2";
				TEST_HOST = "$(BUILT_PRODUCTS_DIR)/Character selection.app/$(BUNDLE_EXECUTABLE_FOLDER_PATH)/Character selection";
			};
			name = Debug;
		};
		35F0E4172A98EFE9004DABFA /* Release */ = {
			isa = XCBuildConfiguration;
			buildSettings = {
				ALWAYS_EMBED_SWIFT_STANDARD_LIBRARIES = YES;
				BUNDLE_LOADER = "$(TEST_HOST)";
				CODE_SIGN_STYLE = Automatic;
				CURRENT_PROJECT_VERSION = 1;
				GENERATE_INFOPLIST_FILE = YES;
				IPHONEOS_DEPLOYMENT_TARGET = 16.4;
				MARKETING_VERSION = 1.0;
				PRODUCT_BUNDLE_IDENTIFIER = "clc.Character-selectionTests";
				PRODUCT_NAME = "$(TARGET_NAME)";
				SWIFT_EMIT_LOC_STRINGS = NO;
				SWIFT_VERSION = 5.0;
				TARGETED_DEVICE_FAMILY = "1,2";
				TEST_HOST = "$(BUILT_PRODUCTS_DIR)/Character selection.app/$(BUNDLE_EXECUTABLE_FOLDER_PATH)/Character selection";
			};
			name = Release;
		};
		35F0E4192A98EFE9004DABFA /* Debug */ = {
			isa = XCBuildConfiguration;
			buildSettings = {
				ALWAYS_EMBED_SWIFT_STANDARD_LIBRARIES = YES;
				CODE_SIGN_STYLE = Automatic;
				CURRENT_PROJECT_VERSION = 1;
				GENERATE_INFOPLIST_FILE = YES;
				MARKETING_VERSION = 1.0;
				PRODUCT_BUNDLE_IDENTIFIER = "clc.Character-selectionUITests";
				PRODUCT_NAME = "$(TARGET_NAME)";
				SWIFT_EMIT_LOC_STRINGS = NO;
				SWIFT_VERSION = 5.0;
				TARGETED_DEVICE_FAMILY = "1,2";
				TEST_TARGET_NAME = "Character selection";
			};
			name = Debug;
		};
		35F0E41A2A98EFE9004DABFA /* Release */ = {
			isa = XCBuildConfiguration;
			buildSettings = {
				ALWAYS_EMBED_SWIFT_STANDARD_LIBRARIES = YES;
				CODE_SIGN_STYLE = Automatic;
				CURRENT_PROJECT_VERSION = 1;
				GENERATE_INFOPLIST_FILE = YES;
				MARKETING_VERSION = 1.0;
				PRODUCT_BUNDLE_IDENTIFIER = "clc.Character-selectionUITests";
				PRODUCT_NAME = "$(TARGET_NAME)";
				SWIFT_EMIT_LOC_STRINGS = NO;
				SWIFT_VERSION = 5.0;
				TARGETED_DEVICE_FAMILY = "1,2";
				TEST_TARGET_NAME = "Character selection";
			};
			name = Release;
		};
/* End XCBuildConfiguration section */

/* Begin XCConfigurationList section */
		35F0E3E02A98EFE7004DABFA /* Build configuration list for PBXProject "Character selection" */ = {
			isa = XCConfigurationList;
			buildConfigurations = (
				35F0E4102A98EFE9004DABFA /* Debug */,
				35F0E4112A98EFE9004DABFA /* Release */,
			);
			defaultConfigurationIsVisible = 0;
			defaultConfigurationName = Release;
		};
		35F0E4122A98EFE9004DABFA /* Build configuration list for PBXNativeTarget "Character selection" */ = {
			isa = XCConfigurationList;
			buildConfigurations = (
				35F0E4132A98EFE9004DABFA /* Debug */,
				35F0E4142A98EFE9004DABFA /* Release */,
			);
			defaultConfigurationIsVisible = 0;
			defaultConfigurationName = Release;
		};
		35F0E4152A98EFE9004DABFA /* Build configuration list for PBXNativeTarget "Character selectionTests" */ = {
			isa = XCConfigurationList;
			buildConfigurations = (
				35F0E4162A98EFE9004DABFA /* Debug */,
				35F0E4172A98EFE9004DABFA /* Release */,
			);
			defaultConfigurationIsVisible = 0;
			defaultConfigurationName = Release;
		};
		35F0E4182A98EFE9004DABFA /* Build configuration list for PBXNativeTarget "Character selectionUITests" */ = {
			isa = XCConfigurationList;
			buildConfigurations = (
				35F0E4192A98EFE9004DABFA /* Debug */,
				35F0E41A2A98EFE9004DABFA /* Release */,
			);
			defaultConfigurationIsVisible = 0;
			defaultConfigurationName = Release;
		};
/* End XCConfigurationList section */

/* Begin XCVersionGroup section */
		35F0E3F12A98EFE7004DABFA /* Character_selection.xcdatamodeld */ = {
			isa = XCVersionGroup;
			children = (
				35F0E3F22A98EFE7004DABFA /* Character_selection.xcdatamodel */,
			);
			currentVersion = 35F0E3F22A98EFE7004DABFA /* Character_selection.xcdatamodel */;
			path = Character_selection.xcdatamodeld;
			sourceTree = "<group>";
			versionGroupType = wrapper.xcdatamodel;
		};
/* End XCVersionGroup section */
	};
	rootObject = 35F0E3DD2A98EFE7004DABFA /* Project object */;
}
